# THIS IS AN AUTOGENERATED FILE. DO NOT EDIT THIS FILE DIRECTLY.
# yarn lockfile v1


"@hmans/id@^0.0.1":
  version "0.0.1"
  resolved "https://registry.yarnpkg.com/@hmans/id/-/id-0.0.1.tgz#fcb8642b6c858e8880f5fa807941fe783234969d"
  integrity sha512-2BxHxZziST8F0P5Dt+UuttF2lwCaKK7QFR814PwEp708l6dm86pjWJAFr7BKyAGu27mRpYcghvCAUAucNdsCdw==

"@hmans/queue@^0.0.1":
  version "0.0.1"
  resolved "https://registry.yarnpkg.com/@hmans/queue/-/queue-0.0.1.tgz#48aa6bed978501d0d78469eb9ddc9bcf71b76ebf"
  integrity sha512-Mm8oQRFRoiEYQ3QD9CD14DTaShd21nzNrUFyBhFxy+TduKf2PdMRfHHx7lDvEpbODGNlj+e8mcWGj/YjWmC3Bw==

"@miniplex/bucket@2.0.0":
  version "2.0.0"
  resolved "https://registry.yarnpkg.com/@miniplex/bucket/-/bucket-2.0.0.tgz#bd9774aa901d5b06d7b4bf813a6cce292066bcfa"
  integrity sha512-jdAW0vG0tLel0dD0lyQqkQ4g4G9CscbVtenu35jB48fnVK3zmfFmQKIxXHsUvFs4KAN44UESAgaVOroTetFSRw==
  dependencies:
    eventery "^0.0.4"

"@types/node@^18.11.17":
  version "18.19.130"
  resolved "https://registry.yarnpkg.com/@types/node/-/node-18.19.130.tgz#da4c6324793a79defb7a62cba3947ec5add00d59"
  integrity sha512-GRaXQx6jGfL8sKfaIDD6OupbIHBr9jv7Jnaml9tB7l4v068PAOXqfcujMMo5PhbIs6ggR1XODELqahT2R8v0fg==
  dependencies:
    undici-types "~5.26.4"

ape-ecs@1.3.1:
  version "1.3.1"
  resolved "https://registry.yarnpkg.com/ape-ecs/-/ape-ecs-1.3.1.tgz#9a6acfeeef4862efaeac22bb2b0f72f43cd4c4ad"
  integrity sha512-6QvLDdxjpjtc0mCnpdNeCUlNAGO0B0VJzTaqnRNwc6rDjDDSthyTMUCywvb6WHEcdxkue77xtl+2H38FBL2RJA==

bitecs@0.4.0:
  version "0.4.0"
  resolved "https://registry.yarnpkg.com/bitecs/-/bitecs-0.4.0.tgz#13efc4eaba85f25a1f6b2929953b2e5172f58032"
  integrity sha512-ho6Zop/L79DRTnBAfakPpGPuX7y0+lAjX06CpaAW+5tnAc7BH3L3RlSrWAXAqwnQGDZ10GsoxaxyTTsddlun3g==

ecsy@0.4.3:
  version "0.4.3"
  resolved "https://registry.yarnpkg.com/ecsy/-/ecsy-0.4.3.tgz#6a5046056d2cf897216f0013e1f3694e97872506"
  integrity sha512-wJWiIIUosxS17S/a2DZGR/jD6Kwm7OKJv/cSe7NIbPLZHdmNo6O7aFVDGqVK24MA3a5+AJOWbREL+4GFYQEmGQ==

eventery@^0.0.4:
  version "0.0.4"
  resolved "https://registry.yarnpkg.com/eventery/-/eventery-0.0.4.tgz#30069c66facd6823ca979f3195f9fe3f46125846"
  integrity sha512-rQbXJG8WX9z2cm3IJadkSUZLWFXuwGMIJ40oWyB23DhVb1e92T7Jx3qF0UwtgHI7D4VZzVswbZ7MXfW88cFF4Q==

miniplex@2.0.0:
  version "2.0.0"
  resolved "https://registry.yarnpkg.com/miniplex/-/miniplex-2.0.0.tgz#5d0be39b78a838bf35702d7e5de26c4df87f70bf"
  integrity sha512-pJlxmlPf5Qyx12amgOCyRE6Lzw28ct2G0lF9xn7/xudLtA/xDOUnCIU2xOxCk8GkjePYctcNpjmFshJp/Ht66A==
  dependencies:
    "@hmans/id" "^0.0.1"
    "@hmans/queue" "^0.0.1"
    "@miniplex/bucket" "2.0.0"

sim-ecs@0.6.4:
  version "0.6.4"
  resolved "https://registry.yarnpkg.com/sim-ecs/-/sim-ecs-0.6.4.tgz#3b2fb15397131519cc5a6a516bea0ad22b49180e"
  integrity sha512-KNblU7S8k7Swy9zSJRLQau9KUyXH1k0kiYXcVqlNcwUow9NI+aUat24Llh6TK0reLuOLSe3lqHi3RCHY7iPu/g==
  dependencies:
    tslib "^2"

tslib@^2, tslib@^2.4.0:
  version "2.8.1"
  resolved "https://registry.yarnpkg.com/tslib/-/tslib-2.8.1.tgz#612efe4ed235d567e8aba5f2a5fab70280ade83f"
  integrity sha512-oJFu94HQb+KVduSUQL7wnpmqnfmLsOA/nAh6b6EH0wCEoK0/mPeXU6c3wKDV83MkOuHPRHtSXKKU99IBazS/2w==

typescript@^5.4.0:
  version "5.9.3"
  resolved "https://registry.yarnpkg.com/typescript/-/typescript-5.9.3.tgz#5b4f59e15310ab17a216f5d6cf53ee476ede670f"
  integrity sha512-jl1vZzPDinLr9eUt3J/t7V6FgNEw9QjvBPdysz9KfQDD41fQrC2Y4vKQdiaUpFT4bXlb1RHhLpp8wtm6M5TgSw==

undici-types@~5.26.4:
  version "5.26.5"
  resolved "https://registry.yarnpkg.com/undici-types/-/undici-types-5.26.5.tgz#bcd539893d00b56e964fd2657a4866b221a65617"
  integrity sha512-JlCMO+ehdEIKqlFxk6IfVoAUVmgz7cU7zD/h9XZ0qzeosSHmUJVOzSQvvYSYWXkFXC+IfLKSIffhv0sVZup6pA==
